// !$*UTF8*$!
{
	archiveVersion = 1;
	classes = {
	};
	objectVersion = 48;
	objects = {

/* Begin PBXBuildFile section */
		0D427ED50C1E163AADF540EA /* Pods_chatUITests.framework in Frameworks */ = {isa = PBXBuildFile; fileRef = 29AB650ECE3527BEEAEA4835 /* Pods_chatUITests.framework */; };
		63E3D79E758436C6625ABE53 /* Pods_chat.framework in Frameworks */ = {isa = PBXBuildFile; fileRef = 631327BFA7B62FA74F56A62C /* Pods_chat.framework */; };
		834F3880F16F006806988917 /* Pods_chatTests.framework in Frameworks */ = {isa = PBXBuildFile; fileRef = 2D6F1C5F2C0B62C1CE831C32 /* Pods_chatTests.framework */; };
		C9180AE673688C1ED39AFAB6 /* Pods_chattTests.framework in Frameworks */ = {isa = PBXBuildFile; fileRef = C526B38FE7C0308D888A3D09 /* Pods_chattTests.framework */; };
		DB2EF4D0766D2C5F8F39498A /* Pods_chattUITests.framework in Frameworks */ = {isa = PBXBuildFile; fileRef = 5F18AEECFCF2FC6763CFC2DE /* Pods_chattUITests.framework */; };
		DC42607822DED92A0008E1B5 /* ChatLogController.swift in Sources */ = {isa = PBXBuildFile; fileRef = DC42607722DED92A0008E1B5 /* ChatLogController.swift */; };
		DC7CB51B22DBF12A00171632 /* LoginController.swift in Sources */ = {isa = PBXBuildFile; fileRef = DC7CB51A22DBF12A00171632 /* LoginController.swift */; };
		DC7CB51F22DC202F00171632 /* User.swift in Sources */ = {isa = PBXBuildFile; fileRef = DC7CB51E22DC202F00171632 /* User.swift */; };
		DC7CB52122DC20CE00171632 /* NewMessageController.swift in Sources */ = {isa = PBXBuildFile; fileRef = DC7CB52022DC20CE00171632 /* NewMessageController.swift */; };
		DC7CB52322DC312900171632 /* LoginController+handlers.swift in Sources */ = {isa = PBXBuildFile; fileRef = DC7CB52222DC312900171632 /* LoginController+handlers.swift */; };
		DCBE881C22DAD81700C878EC /* GoogleService-Info.plist in Resources */ = {isa = PBXBuildFile; fileRef = DCBE881B22DAD81700C878EC /* GoogleService-Info.plist */; };
		DCE8281722DEB0F300670FF0 /* Extensions.swift in Sources */ = {isa = PBXBuildFile; fileRef = DCE8281622DEB0F300670FF0 /* Extensions.swift */; };
		DCF4BCF722DAD4A6008D32DE /* AppDelegate.swift in Sources */ = {isa = PBXBuildFile; fileRef = DCF4BCF622DAD4A6008D32DE /* AppDelegate.swift */; };
		DCF4BCF922DAD4A6008D32DE /* MessagesController.swift in Sources */ = {isa = PBXBuildFile; fileRef = DCF4BCF822DAD4A6008D32DE /* MessagesController.swift */; };
		DCF4BCFC22DAD4A6008D32DE /* Main.storyboard in Resources */ = {isa = PBXBuildFile; fileRef = DCF4BCFA22DAD4A6008D32DE /* Main.storyboard */; };
		DCF4BCFE22DAD4A6008D32DE /* Assets.xcassets in Resources */ = {isa = PBXBuildFile; fileRef = DCF4BCFD22DAD4A6008D32DE /* Assets.xcassets */; };
		DCF4BD0122DAD4A6008D32DE /* LaunchScreen.storyboard in Resources */ = {isa = PBXBuildFile; fileRef = DCF4BCFF22DAD4A6008D32DE /* LaunchScreen.storyboard */; };
		DCF4BD0C22DAD4A6008D32DE /* chattTests.swift in Sources */ = {isa = PBXBuildFile; fileRef = DCF4BD0B22DAD4A6008D32DE /* chattTests.swift */; };
		DCF4BD1722DAD4A6008D32DE /* chattUITests.swift in Sources */ = {isa = PBXBuildFile; fileRef = DCF4BD1622DAD4A6008D32DE /* chattUITests.swift */; };
		DCF4BD2722DAD54F008D32DE /* GoogleService-Info.plist in Resources */ = {isa = PBXBuildFile; fileRef = DCF4BD2622DAD54F008D32DE /* GoogleService-Info.plist */; };
		DCF4BD2822DAD54F008D32DE /* GoogleService-Info.plist in Resources */ = {isa = PBXBuildFile; fileRef = DCF4BD2622DAD54F008D32DE /* GoogleService-Info.plist */; };
/* End PBXBuildFile section */

/* Begin PBXContainerItemProxy section */
		DCF4BD0822DAD4A6008D32DE /* PBXContainerItemProxy */ = {
			isa = PBXContainerItemProxy;
			containerPortal = DCF4BCEB22DAD4A6008D32DE /* Project object */;
			proxyType = 1;
			remoteGlobalIDString = DCF4BCF222DAD4A6008D32DE;
			remoteInfo = chatt;
		};
		DCF4BD1322DAD4A6008D32DE /* PBXContainerItemProxy */ = {
			isa = PBXContainerItemProxy;
			containerPortal = DCF4BCEB22DAD4A6008D32DE /* Project object */;
			proxyType = 1;
			remoteGlobalIDString = DCF4BCF222DAD4A6008D32DE;
			remoteInfo = chatt;
		};
/* End PBXContainerItemProxy section */

/* Begin PBXFileReference section */
		0DBB5A02816C8C9060494848 /* Pods-chatUITests.debug.xcconfig */ = {isa = PBXFileReference; includeInIndex = 1; lastKnownFileType = text.xcconfig; name = "Pods-chatUITests.debug.xcconfig"; path = "Target Support Files/Pods-chatUITests/Pods-chatUITests.debug.xcconfig"; sourceTree = "<group>"; };
		29AB650ECE3527BEEAEA4835 /* Pods_chatUITests.framework */ = {isa = PBXFileReference; explicitFileType = wrapper.framework; includeInIndex = 0; path = Pods_chatUITests.framework; sourceTree = BUILT_PRODUCTS_DIR; };
		2D6F1C5F2C0B62C1CE831C32 /* Pods_chatTests.framework */ = {isa = PBXFileReference; explicitFileType = wrapper.framework; includeInIndex = 0; path = Pods_chatTests.framework; sourceTree = BUILT_PRODUCTS_DIR; };
		3FE3DD5F7FCF37187321F07D /* Pods-chatUITests.release.xcconfig */ = {isa = PBXFileReference; includeInIndex = 1; lastKnownFileType = text.xcconfig; name = "Pods-chatUITests.release.xcconfig"; path = "Target Support Files/Pods-chatUITests/Pods-chatUITests.release.xcconfig"; sourceTree = "<group>"; };
		5F18AEECFCF2FC6763CFC2DE /* Pods_chattUITests.framework */ = {isa = PBXFileReference; explicitFileType = wrapper.framework; includeInIndex = 0; path = Pods_chattUITests.framework; sourceTree = BUILT_PRODUCTS_DIR; };
		631327BFA7B62FA74F56A62C /* Pods_chat.framework */ = {isa = PBXFileReference; explicitFileType = wrapper.framework; includeInIndex = 0; path = Pods_chat.framework; sourceTree = BUILT_PRODUCTS_DIR; };
		88A422F07A90698AAC1D63C1 /* Pods_chatt.framework */ = {isa = PBXFileReference; explicitFileType = wrapper.framework; includeInIndex = 0; path = Pods_chatt.framework; sourceTree = BUILT_PRODUCTS_DIR; };
		9C4FE03C346E409FD1554049 /* Pods-chatTests.debug.xcconfig */ = {isa = PBXFileReference; includeInIndex = 1; lastKnownFileType = text.xcconfig; name = "Pods-chatTests.debug.xcconfig"; path = "Target Support Files/Pods-chatTests/Pods-chatTests.debug.xcconfig"; sourceTree = "<group>"; };
		B3B6395F65C12369E0F519F3 /* Pods-chat.release.xcconfig */ = {isa = PBXFileReference; includeInIndex = 1; lastKnownFileType = text.xcconfig; name = "Pods-chat.release.xcconfig"; path = "Target Support Files/Pods-chat/Pods-chat.release.xcconfig"; sourceTree = "<group>"; };
		B7688891B1FFCF8AC77992E8 /* Pods-chatTests.release.xcconfig */ = {isa = PBXFileReference; includeInIndex = 1; lastKnownFileType = text.xcconfig; name = "Pods-chatTests.release.xcconfig"; path = "Target Support Files/Pods-chatTests/Pods-chatTests.release.xcconfig"; sourceTree = "<group>"; };
		C526B38FE7C0308D888A3D09 /* Pods_chattTests.framework */ = {isa = PBXFileReference; explicitFileType = wrapper.framework; includeInIndex = 0; path = Pods_chattTests.framework; sourceTree = BUILT_PRODUCTS_DIR; };
		D01C90A366573CBBC9703028 /* Pods-chat.debug.xcconfig */ = {isa = PBXFileReference; includeInIndex = 1; lastKnownFileType = text.xcconfig; name = "Pods-chat.debug.xcconfig"; path = "Target Support Files/Pods-chat/Pods-chat.debug.xcconfig"; sourceTree = "<group>"; };
		DC42607722DED92A0008E1B5 /* ChatLogController.swift */ = {isa = PBXFileReference; lastKnownFileType = sourcecode.swift; path = ChatLogController.swift; sourceTree = "<group>"; };
		DC7CB51A22DBF12A00171632 /* LoginController.swift */ = {isa = PBXFileReference; lastKnownFileType = sourcecode.swift; path = LoginController.swift; sourceTree = "<group>"; };
		DC7CB51E22DC202F00171632 /* User.swift */ = {isa = PBXFileReference; lastKnownFileType = sourcecode.swift; path = User.swift; sourceTree = "<group>"; };
		DC7CB52022DC20CE00171632 /* NewMessageController.swift */ = {isa = PBXFileReference; lastKnownFileType = sourcecode.swift; path = NewMessageController.swift; sourceTree = "<group>"; };
		DC7CB52222DC312900171632 /* LoginController+handlers.swift */ = {isa = PBXFileReference; lastKnownFileType = sourcecode.swift; path = "LoginController+handlers.swift"; sourceTree = "<group>"; };
		DCBE881B22DAD81700C878EC /* GoogleService-Info.plist */ = {isa = PBXFileReference; fileEncoding = 4; lastKnownFileType = text.plist.xml; path = "GoogleService-Info.plist"; sourceTree = "<group>"; };
		DCE8281622DEB0F300670FF0 /* Extensions.swift */ = {isa = PBXFileReference; lastKnownFileType = sourcecode.swift; path = Extensions.swift; sourceTree = "<group>"; };
		DCF4BCF322DAD4A6008D32DE /* chat.app */ = {isa = PBXFileReference; explicitFileType = wrapper.application; includeInIndex = 0; path = chat.app; sourceTree = BUILT_PRODUCTS_DIR; };
		DCF4BCF622DAD4A6008D32DE /* AppDelegate.swift */ = {isa = PBXFileReference; lastKnownFileType = sourcecode.swift; path = AppDelegate.swift; sourceTree = "<group>"; };
		DCF4BCF822DAD4A6008D32DE /* MessagesController.swift */ = {isa = PBXFileReference; lastKnownFileType = sourcecode.swift; path = MessagesController.swift; sourceTree = "<group>"; };
		DCF4BCFB22DAD4A6008D32DE /* Base */ = {isa = PBXFileReference; lastKnownFileType = file.storyboard; name = Base; path = Base.lproj/Main.storyboard; sourceTree = "<group>"; };
		DCF4BCFD22DAD4A6008D32DE /* Assets.xcassets */ = {isa = PBXFileReference; lastKnownFileType = folder.assetcatalog; path = Assets.xcassets; sourceTree = "<group>"; };
		DCF4BD0022DAD4A6008D32DE /* Base */ = {isa = PBXFileReference; lastKnownFileType = file.storyboard; name = Base; path = Base.lproj/LaunchScreen.storyboard; sourceTree = "<group>"; };
		DCF4BD0222DAD4A6008D32DE /* Info.plist */ = {isa = PBXFileReference; lastKnownFileType = text.plist.xml; path = Info.plist; sourceTree = "<group>"; };
		DCF4BD0722DAD4A6008D32DE /* chatTests.xctest */ = {isa = PBXFileReference; explicitFileType = wrapper.cfbundle; includeInIndex = 0; path = chatTests.xctest; sourceTree = BUILT_PRODUCTS_DIR; };
		DCF4BD0B22DAD4A6008D32DE /* chattTests.swift */ = {isa = PBXFileReference; lastKnownFileType = sourcecode.swift; path = chattTests.swift; sourceTree = "<group>"; };
		DCF4BD0D22DAD4A6008D32DE /* Info.plist */ = {isa = PBXFileReference; lastKnownFileType = text.plist.xml; path = Info.plist; sourceTree = "<group>"; };
		DCF4BD1222DAD4A6008D32DE /* chatUITests.xctest */ = {isa = PBXFileReference; explicitFileType = wrapper.cfbundle; includeInIndex = 0; path = chatUITests.xctest; sourceTree = BUILT_PRODUCTS_DIR; };
		DCF4BD1622DAD4A6008D32DE /* chattUITests.swift */ = {isa = PBXFileReference; lastKnownFileType = sourcecode.swift; path = chattUITests.swift; sourceTree = "<group>"; };
		DCF4BD1822DAD4A6008D32DE /* Info.plist */ = {isa = PBXFileReference; lastKnownFileType = text.plist.xml; path = Info.plist; sourceTree = "<group>"; };
		DCF4BD2622DAD54F008D32DE /* GoogleService-Info.plist */ = {isa = PBXFileReference; fileEncoding = 4; lastKnownFileType = text.plist.xml; path = "GoogleService-Info.plist"; sourceTree = "<group>"; };
/* End PBXFileReference section */

/* Begin PBXFrameworksBuildPhase section */
		DCF4BCF022DAD4A6008D32DE /* Frameworks */ = {
			isa = PBXFrameworksBuildPhase;
			buildActionMask = 2147483647;
			files = (
				63E3D79E758436C6625ABE53 /* Pods_chat.framework in Frameworks */,
			);
			runOnlyForDeploymentPostprocessing = 0;
		};
		DCF4BD0422DAD4A6008D32DE /* Frameworks */ = {
			isa = PBXFrameworksBuildPhase;
			buildActionMask = 2147483647;
			files = (
				C9180AE673688C1ED39AFAB6 /* Pods_chattTests.framework in Frameworks */,
				834F3880F16F006806988917 /* Pods_chatTests.framework in Frameworks */,
			);
			runOnlyForDeploymentPostprocessing = 0;
		};
		DCF4BD0F22DAD4A6008D32DE /* Frameworks */ = {
			isa = PBXFrameworksBuildPhase;
			buildActionMask = 2147483647;
			files = (
				DB2EF4D0766D2C5F8F39498A /* Pods_chattUITests.framework in Frameworks */,
				0D427ED50C1E163AADF540EA /* Pods_chatUITests.framework in Frameworks */,
			);
			runOnlyForDeploymentPostprocessing = 0;
		};
/* End PBXFrameworksBuildPhase section */

/* Begin PBXGroup section */
		312248E6BBB9E50EC7CC55A7 /* Pods */ = {
			isa = PBXGroup;
			children = (
				D01C90A366573CBBC9703028 /* Pods-chat.debug.xcconfig */,
				B3B6395F65C12369E0F519F3 /* Pods-chat.release.xcconfig */,
				9C4FE03C346E409FD1554049 /* Pods-chatTests.debug.xcconfig */,
				B7688891B1FFCF8AC77992E8 /* Pods-chatTests.release.xcconfig */,
				0DBB5A02816C8C9060494848 /* Pods-chatUITests.debug.xcconfig */,
				3FE3DD5F7FCF37187321F07D /* Pods-chatUITests.release.xcconfig */,
			);
			path = Pods;
			sourceTree = "<group>";
		};
		B6425049757DBF0BE525CF8B /* Frameworks */ = {
			isa = PBXGroup;
			children = (
				88A422F07A90698AAC1D63C1 /* Pods_chatt.framework */,
				C526B38FE7C0308D888A3D09 /* Pods_chattTests.framework */,
				5F18AEECFCF2FC6763CFC2DE /* Pods_chattUITests.framework */,
				631327BFA7B62FA74F56A62C /* Pods_chat.framework */,
				2D6F1C5F2C0B62C1CE831C32 /* Pods_chatTests.framework */,
				29AB650ECE3527BEEAEA4835 /* Pods_chatUITests.framework */,
			);
			name = Frameworks;
			sourceTree = "<group>";
		};
		DC7CB51C22DBF1EE00171632 /* controller */ = {
			isa = PBXGroup;
			children = (
				DC7CB51A22DBF12A00171632 /* LoginController.swift */,
				DCF4BCF822DAD4A6008D32DE /* MessagesController.swift */,
				DC7CB52022DC20CE00171632 /* NewMessageController.swift */,
				DC7CB52222DC312900171632 /* LoginController+handlers.swift */,
				DC42607722DED92A0008E1B5 /* ChatLogController.swift */,
			);
			path = controller;
			sourceTree = "<group>";
		};
		DC7CB51D22DC200200171632 /* model */ = {
			isa = PBXGroup;
			children = (
				DC7CB51E22DC202F00171632 /* User.swift */,
			);
			path = model;
			sourceTree = "<group>";
		};
		DCE8281522DEB08E00670FF0 /* Helpers */ = {
			isa = PBXGroup;
			children = (
				DCE8281622DEB0F300670FF0 /* Extensions.swift */,
			);
			path = Helpers;
			sourceTree = "<group>";
		};
		DCF4BCEA22DAD4A6008D32DE = {
			isa = PBXGroup;
			children = (
				DCF4BCF522DAD4A6008D32DE /* chatt */,
				DCF4BD0A22DAD4A6008D32DE /* chatTests */,
				DCF4BD1522DAD4A6008D32DE /* chatUITests */,
				DCF4BCF422DAD4A6008D32DE /* Products */,
				312248E6BBB9E50EC7CC55A7 /* Pods */,
				B6425049757DBF0BE525CF8B /* Frameworks */,
			);
			sourceTree = "<group>";
		};
		DCF4BCF422DAD4A6008D32DE /* Products */ = {
			isa = PBXGroup;
			children = (
				DCF4BCF322DAD4A6008D32DE /* chat.app */,
				DCF4BD0722DAD4A6008D32DE /* chatTests.xctest */,
				DCF4BD1222DAD4A6008D32DE /* chatUITests.xctest */,
			);
			name = Products;
			sourceTree = "<group>";
		};
		DCF4BCF522DAD4A6008D32DE /* chatt */ = {
			isa = PBXGroup;
			children = (
				DCE8281522DEB08E00670FF0 /* Helpers */,
				DC7CB51D22DC200200171632 /* model */,
				DC7CB51C22DBF1EE00171632 /* controller */,
				DCF4BCF622DAD4A6008D32DE /* AppDelegate.swift */,
				DCF4BD0222DAD4A6008D32DE /* Info.plist */,
				DCF4BCFA22DAD4A6008D32DE /* Main.storyboard */,
				DCF4BCFD22DAD4A6008D32DE /* Assets.xcassets */,
				DCF4BCFF22DAD4A6008D32DE /* LaunchScreen.storyboard */,
				DCBE881B22DAD81700C878EC /* GoogleService-Info.plist */,
			);
			path = chatt;
			sourceTree = "<group>";
		};
		DCF4BD0A22DAD4A6008D32DE /* chatTests */ = {
			isa = PBXGroup;
			children = (
				DCF4BD0B22DAD4A6008D32DE /* chattTests.swift */,
				DCF4BD0D22DAD4A6008D32DE /* Info.plist */,
				DCF4BD2622DAD54F008D32DE /* GoogleService-Info.plist */,
			);
			path = chatTests;
			sourceTree = "<group>";
		};
		DCF4BD1522DAD4A6008D32DE /* chatUITests */ = {
			isa = PBXGroup;
			children = (
				DCF4BD1622DAD4A6008D32DE /* chattUITests.swift */,
				DCF4BD1822DAD4A6008D32DE /* Info.plist */,
			);
			path = chatUITests;
			sourceTree = "<group>";
		};
/* End PBXGroup section */

/* Begin PBXNativeTarget section */
		DCF4BCF222DAD4A6008D32DE /* chat */ = {
			isa = PBXNativeTarget;
			buildConfigurationList = DCF4BD1B22DAD4A6008D32DE /* Build configuration list for PBXNativeTarget "chat" */;
			buildPhases = (
				567833F951D6747AF6A28C0A /* [CP] Check Pods Manifest.lock */,
				DCF4BCEF22DAD4A6008D32DE /* Sources */,
				DCF4BCF022DAD4A6008D32DE /* Frameworks */,
				DCF4BCF122DAD4A6008D32DE /* Resources */,
				3328D6CB20D0D9D54B851FE2 /* [CP] Embed Pods Frameworks */,
			);
			buildRules = (
			);
			dependencies = (
			);
			name = chat;
			productName = chatt;
			productReference = DCF4BCF322DAD4A6008D32DE /* chat.app */;
			productType = "com.apple.product-type.application";
		};
		DCF4BD0622DAD4A6008D32DE /* chatTests */ = {
			isa = PBXNativeTarget;
			buildConfigurationList = DCF4BD1E22DAD4A6008D32DE /* Build configuration list for PBXNativeTarget "chatTests" */;
			buildPhases = (
				BDD2A652B280CE7C4A24A320 /* [CP] Check Pods Manifest.lock */,
				DCF4BD0322DAD4A6008D32DE /* Sources */,
				DCF4BD0422DAD4A6008D32DE /* Frameworks */,
				DCF4BD0522DAD4A6008D32DE /* Resources */,
			);
			buildRules = (
			);
			dependencies = (
				DCF4BD0922DAD4A6008D32DE /* PBXTargetDependency */,
			);
			name = chatTests;
			productName = chattTests;
			productReference = DCF4BD0722DAD4A6008D32DE /* chatTests.xctest */;
			productType = "com.apple.product-type.bundle.unit-test";
		};
		DCF4BD1122DAD4A6008D32DE /* chatUITests */ = {
			isa = PBXNativeTarget;
			buildConfigurationList = DCF4BD2122DAD4A6008D32DE /* Build configuration list for PBXNativeTarget "chatUITests" */;
			buildPhases = (
				975C7052407781746D01EE20 /* [CP] Check Pods Manifest.lock */,
				DCF4BD0E22DAD4A6008D32DE /* Sources */,
				DCF4BD0F22DAD4A6008D32DE /* Frameworks */,
				DCF4BD1022DAD4A6008D32DE /* Resources */,
			);
			buildRules = (
			);
			dependencies = (
				DCF4BD1422DAD4A6008D32DE /* PBXTargetDependency */,
			);
			name = chatUITests;
			productName = chattUITests;
			productReference = DCF4BD1222DAD4A6008D32DE /* chatUITests.xctest */;
			productType = "com.apple.product-type.bundle.ui-testing";
		};
/* End PBXNativeTarget section */

/* Begin PBXProject section */
		DCF4BCEB22DAD4A6008D32DE /* Project object */ = {
			isa = PBXProject;
			attributes = {
				LastSwiftUpdateCheck = 0920;
				LastUpgradeCheck = 0920;
				ORGANIZATIONNAME = ashraf;
				TargetAttributes = {
					DCF4BCF222DAD4A6008D32DE = {
						CreatedOnToolsVersion = 9.2;
						ProvisioningStyle = Automatic;
					};
					DCF4BD0622DAD4A6008D32DE = {
						CreatedOnToolsVersion = 9.2;
						ProvisioningStyle = Automatic;
						TestTargetID = DCF4BCF222DAD4A6008D32DE;
					};
					DCF4BD1122DAD4A6008D32DE = {
						CreatedOnToolsVersion = 9.2;
						ProvisioningStyle = Automatic;
						TestTargetID = DCF4BCF222DAD4A6008D32DE;
					};
				};
			};
			buildConfigurationList = DCF4BCEE22DAD4A6008D32DE /* Build configuration list for PBXProject "chat" */;
			compatibilityVersion = "Xcode 8.0";
			developmentRegion = en;
			hasScannedForEncodings = 0;
			knownRegions = (
				en,
				Base,
			);
			mainGroup = DCF4BCEA22DAD4A6008D32DE;
			productRefGroup = DCF4BCF422DAD4A6008D32DE /* Products */;
			projectDirPath = "";
			projectRoot = "";
			targets = (
				DCF4BCF222DAD4A6008D32DE /* chat */,
				DCF4BD0622DAD4A6008D32DE /* chatTests */,
				DCF4BD1122DAD4A6008D32DE /* chatUITests */,
			);
		};
/* End PBXProject section */

/* Begin PBXResourcesBuildPhase section */
		DCF4BCF122DAD4A6008D32DE /* Resources */ = {
			isa = PBXResourcesBuildPhase;
			buildActionMask = 2147483647;
			files = (
				DCF4BD0122DAD4A6008D32DE /* LaunchScreen.storyboard in Resources */,
				DCF4BD2722DAD54F008D32DE /* GoogleService-Info.plist in Resources */,
				DCBE881C22DAD81700C878EC /* GoogleService-Info.plist in Resources */,
				DCF4BCFE22DAD4A6008D32DE /* Assets.xcassets in Resources */,
				DCF4BCFC22DAD4A6008D32DE /* Main.storyboard in Resources */,
			);
			runOnlyForDeploymentPostprocessing = 0;
		};
		DCF4BD0522DAD4A6008D32DE /* Resources */ = {
			isa = PBXResourcesBuildPhase;
			buildActionMask = 2147483647;
			files = (
				DCF4BD2822DAD54F008D32DE /* GoogleService-Info.plist in Resources */,
			);
			runOnlyForDeploymentPostprocessing = 0;
		};
		DCF4BD1022DAD4A6008D32DE /* Resources */ = {
			isa = PBXResourcesBuildPhase;
			buildActionMask = 2147483647;
			files = (
			);
			runOnlyForDeploymentPostprocessing = 0;
		};
/* End PBXResourcesBuildPhase section */

/* Begin PBXShellScriptBuildPhase section */
		3328D6CB20D0D9D54B851FE2 /* [CP] Embed Pods Frameworks */ = {
			isa = PBXShellScriptBuildPhase;
			buildActionMask = 2147483647;
			files = (
			);
			inputPaths = (
				"${PODS_ROOT}/Target Support Files/Pods-chat/Pods-chat-frameworks.sh",
				"${BUILT_PRODUCTS_DIR}/GTMSessionFetcher/GTMSessionFetcher.framework",
				"${BUILT_PRODUCTS_DIR}/GoogleUtilities/GoogleUtilities.framework",
				"${BUILT_PRODUCTS_DIR}/leveldb-library/leveldb.framework",
				"${BUILT_PRODUCTS_DIR}/nanopb/nanopb.framework",
			);
			name = "[CP] Embed Pods Frameworks";
			outputPaths = (
				"${TARGET_BUILD_DIR}/${FRAMEWORKS_FOLDER_PATH}/GTMSessionFetcher.framework",
				"${TARGET_BUILD_DIR}/${FRAMEWORKS_FOLDER_PATH}/GoogleUtilities.framework",
				"${TARGET_BUILD_DIR}/${FRAMEWORKS_FOLDER_PATH}/leveldb.framework",
				"${TARGET_BUILD_DIR}/${FRAMEWORKS_FOLDER_PATH}/nanopb.framework",
			);
			runOnlyForDeploymentPostprocessing = 0;
			shellPath = /bin/sh;
			shellScript = "\"${PODS_ROOT}/Target Support Files/Pods-chat/Pods-chat-frameworks.sh\"\n";
			showEnvVarsInLog = 0;
		};
		567833F951D6747AF6A28C0A /* [CP] Check Pods Manifest.lock */ = {
			isa = PBXShellScriptBuildPhase;
			buildActionMask = 2147483647;
			files = (
			);
			inputPaths = (
				"${PODS_PODFILE_DIR_PATH}/Podfile.lock",
				"${PODS_ROOT}/Manifest.lock",
			);
			name = "[CP] Check Pods Manifest.lock";
			outputPaths = (
				"$(DERIVED_FILE_DIR)/Pods-chat-checkManifestLockResult.txt",
			);
			runOnlyForDeploymentPostprocessing = 0;
			shellPath = /bin/sh;
			shellScript = "diff \"${PODS_PODFILE_DIR_PATH}/Podfile.lock\" \"${PODS_ROOT}/Manifest.lock\" > /dev/null\nif [ $? != 0 ] ; then\n    # print error to STDERR\n    echo \"error: The sandbox is not in sync with the Podfile.lock. Run 'pod install' or update your CocoaPods installation.\" >&2\n    exit 1\nfi\n# This output is used by Xcode 'outputs' to avoid re-running this script phase.\necho \"SUCCESS\" > \"${SCRIPT_OUTPUT_FILE_0}\"\n";
			showEnvVarsInLog = 0;
		};
		975C7052407781746D01EE20 /* [CP] Check Pods Manifest.lock */ = {
			isa = PBXShellScriptBuildPhase;
			buildActionMask = 2147483647;
			files = (
			);
			inputPaths = (
				"${PODS_PODFILE_DIR_PATH}/Podfile.lock",
				"${PODS_ROOT}/Manifest.lock",
			);
			name = "[CP] Check Pods Manifest.lock";
			outputPaths = (
				"$(DERIVED_FILE_DIR)/Pods-chatUITests-checkManifestLockResult.txt",
			);
			runOnlyForDeploymentPostprocessing = 0;
			shellPath = /bin/sh;
			shellScript = "diff \"${PODS_PODFILE_DIR_PATH}/Podfile.lock\" \"${PODS_ROOT}/Manifest.lock\" > /dev/null\nif [ $? != 0 ] ; then\n    # print error to STDERR\n    echo \"error: The sandbox is not in sync with the Podfile.lock. Run 'pod install' or update your CocoaPods installation.\" >&2\n    exit 1\nfi\n# This output is used by Xcode 'outputs' to avoid re-running this script phase.\necho \"SUCCESS\" > \"${SCRIPT_OUTPUT_FILE_0}\"\n";
			showEnvVarsInLog = 0;
		};
		BDD2A652B280CE7C4A24A320 /* [CP] Check Pods Manifest.lock */ = {
			isa = PBXShellScriptBuildPhase;
			buildActionMask = 2147483647;
			files = (
			);
			inputPaths = (
				"${PODS_PODFILE_DIR_PATH}/Podfile.lock",
				"${PODS_ROOT}/Manifest.lock",
			);
			name = "[CP] Check Pods Manifest.lock";
			outputPaths = (
				"$(DERIVED_FILE_DIR)/Pods-chatTests-checkManifestLockResult.txt",
			);
			runOnlyForDeploymentPostprocessing = 0;
			shellPath = /bin/sh;
			shellScript = "diff \"${PODS_PODFILE_DIR_PATH}/Podfile.lock\" \"${PODS_ROOT}/Manifest.lock\" > /dev/null\nif [ $? != 0 ] ; then\n    # print error to STDERR\n    echo \"error: The sandbox is not in sync with the Podfile.lock. Run 'pod install' or update your CocoaPods installation.\" >&2\n    exit 1\nfi\n# This output is used by Xcode 'outputs' to avoid re-running this script phase.\necho \"SUCCESS\" > \"${SCRIPT_OUTPUT_FILE_0}\"\n";
			showEnvVarsInLog = 0;
		};
/* End PBXShellScriptBuildPhase section */

/* Begin PBXSourcesBuildPhase section */
		DCF4BCEF22DAD4A6008D32DE /* Sources */ = {
			isa = PBXSourcesBuildPhase;
			buildActionMask = 2147483647;
			files = (
				DC42607822DED92A0008E1B5 /* ChatLogController.swift in Sources */,
				DC7CB51F22DC202F00171632 /* User.swift in Sources */,
				DC7CB52122DC20CE00171632 /* NewMessageController.swift in Sources */,
				DC7CB52322DC312900171632 /* LoginController+handlers.swift in Sources */,
				DCF4BCF922DAD4A6008D32DE /* MessagesController.swift in Sources */,
				DC7CB51B22DBF12A00171632 /* LoginController.swift in Sources */,
				DCF4BCF722DAD4A6008D32DE /* AppDelegate.swift in Sources */,
				DCE8281722DEB0F300670FF0 /* Extensions.swift in Sources */,
			);
			runOnlyForDeploymentPostprocessing = 0;
		};
		DCF4BD0322DAD4A6008D32DE /* Sources */ = {
			isa = PBXSourcesBuildPhase;
			buildActionMask = 2147483647;
			files = (
				DCF4BD0C22DAD4A6008D32DE /* chattTests.swift in Sources */,
			);
			runOnlyForDeploymentPostprocessing = 0;
		};
		DCF4BD0E22DAD4A6008D32DE /* Sources */ = {
			isa = PBXSourcesBuildPhase;
			buildActionMask = 2147483647;
			files = (
				DCF4BD1722DAD4A6008D32DE /* chattUITests.swift in Sources */,
			);
			runOnlyForDeploymentPostprocessing = 0;
		};
/* End PBXSourcesBuildPhase section */

/* Begin PBXTargetDependency section */
		DCF4BD0922DAD4A6008D32DE /* PBXTargetDependency */ = {
			isa = PBXTargetDependency;
			target = DCF4BCF222DAD4A6008D32DE /* chat */;
			targetProxy = DCF4BD0822DAD4A6008D32DE /* PBXContainerItemProxy */;
		};
		DCF4BD1422DAD4A6008D32DE /* PBXTargetDependency */ = {
			isa = PBXTargetDependency;
			target = DCF4BCF222DAD4A6008D32DE /* chat */;
			targetProxy = DCF4BD1322DAD4A6008D32DE /* PBXContainerItemProxy */;
		};
/* End PBXTargetDependency section */

/* Begin PBXVariantGroup section */
		DCF4BCFA22DAD4A6008D32DE /* Main.storyboard */ = {
			isa = PBXVariantGroup;
			children = (
				DCF4BCFB22DAD4A6008D32DE /* Base */,
			);
			name = Main.storyboard;
			sourceTree = "<group>";
		};
		DCF4BCFF22DAD4A6008D32DE /* LaunchScreen.storyboard */ = {
			isa = PBXVariantGroup;
			children = (
				DCF4BD0022DAD4A6008D32DE /* Base */,
			);
			name = LaunchScreen.storyboard;
			sourceTree = "<group>";
		};
/* End PBXVariantGroup section */

/* Begin XCBuildConfiguration section */
		DCF4BD1922DAD4A6008D32DE /* Debug */ = {
			isa = XCBuildConfiguration;
			buildSettings = {
				ALWAYS_SEARCH_USER_PATHS = NO;
				CLANG_ANALYZER_NONNULL = YES;
				CLANG_ANALYZER_NUMBER_OBJECT_CONVERSION = YES_AGGRESSIVE;
				CLANG_CXX_LANGUAGE_STANDARD = "gnu++14";
				CLANG_CXX_LIBRARY = "libc++";
				CLANG_ENABLE_MODULES = YES;
				CLANG_ENABLE_OBJC_ARC = YES;
				CLANG_WARN_BLOCK_CAPTURE_AUTORELEASING = YES;
				CLANG_WARN_BOOL_CONVERSION = YES;
				CLANG_WARN_COMMA = YES;
				CLANG_WARN_CONSTANT_CONVERSION = YES;
				CLANG_WARN_DIRECT_OBJC_ISA_USAGE = YES_ERROR;
				CLANG_WARN_DOCUMENTATION_COMMENTS = YES;
				CLANG_WARN_EMPTY_BODY = YES;
				CLANG_WARN_ENUM_CONVERSION = YES;
				CLANG_WARN_INFINITE_RECURSION = YES;
				CLANG_WARN_INT_CONVERSION = YES;
				CLANG_WARN_NON_LITERAL_NULL_CONVERSION = YES;
				CLANG_WARN_OBJC_LITERAL_CONVERSION = YES;
				CLANG_WARN_OBJC_ROOT_CLASS = YES_ERROR;
				CLANG_WARN_RANGE_LOOP_ANALYSIS = YES;
				CLANG_WARN_STRICT_PROTOTYPES = YES;
				CLANG_WARN_SUSPICIOUS_MOVE = YES;
				CLANG_WARN_UNGUARDED_AVAILABILITY = YES_AGGRESSIVE;
				CLANG_WARN_UNREACHABLE_CODE = YES;
				CLANG_WARN__DUPLICATE_METHOD_MATCH = YES;
				CODE_SIGN_IDENTITY = "iPhone Developer";
				COPY_PHASE_STRIP = NO;
				DEBUG_INFORMATION_FORMAT = dwarf;
				ENABLE_STRICT_OBJC_MSGSEND = YES;
				ENABLE_TESTABILITY = YES;
				GCC_C_LANGUAGE_STANDARD = gnu11;
				GCC_DYNAMIC_NO_PIC = NO;
				GCC_NO_COMMON_BLOCKS = YES;
				GCC_OPTIMIZATION_LEVEL = 0;
				GCC_PREPROCESSOR_DEFINITIONS = (
					"DEBUG=1",
					"$(inherited)",
				);
				GCC_WARN_64_TO_32_BIT_CONVERSION = YES;
				GCC_WARN_ABOUT_RETURN_TYPE = YES_ERROR;
				GCC_WARN_UNDECLARED_SELECTOR = YES;
				GCC_WARN_UNINITIALIZED_AUTOS = YES_AGGRESSIVE;
				GCC_WARN_UNUSED_FUNCTION = YES;
				GCC_WARN_UNUSED_VARIABLE = YES;
				IPHONEOS_DEPLOYMENT_TARGET = 11.2;
				MTL_ENABLE_DEBUG_INFO = YES;
				ONLY_ACTIVE_ARCH = YES;
				SDKROOT = iphoneos;
				SWIFT_ACTIVE_COMPILATION_CONDITIONS = DEBUG;
				SWIFT_OPTIMIZATION_LEVEL = "-Onone";
			};
			name = Debug;
		};
		DCF4BD1A22DAD4A6008D32DE /* Release */ = {
			isa = XCBuildConfiguration;
			buildSettings = {
				ALWAYS_SEARCH_USER_PATHS = NO;
				CLANG_ANALYZER_NONNULL = YES;
				CLANG_ANALYZER_NUMBER_OBJECT_CONVERSION = YES_AGGRESSIVE;
				CLANG_CXX_LANGUAGE_STANDARD = "gnu++14";
				CLANG_CXX_LIBRARY = "libc++";
				CLANG_ENABLE_MODULES = YES;
				CLANG_ENABLE_OBJC_ARC = YES;
				CLANG_WARN_BLOCK_CAPTURE_AUTORELEASING = YES;
				CLANG_WARN_BOOL_CONVERSION = YES;
				CLANG_WARN_COMMA = YES;
				CLANG_WARN_CONSTANT_CONVERSION = YES;
				CLANG_WARN_DIRECT_OBJC_ISA_USAGE = YES_ERROR;
				CLANG_WARN_DOCUMENTATION_COMMENTS = YES;
				CLANG_WARN_EMPTY_BODY = YES;
				CLANG_WARN_ENUM_CONVERSION = YES;
				CLANG_WARN_INFINITE_RECURSION = YES;
				CLANG_WARN_INT_CONVERSION = YES;
				CLANG_WARN_NON_LITERAL_NULL_CONVERSION = YES;
				CLANG_WARN_OBJC_LITERAL_CONVERSION = YES;
				CLANG_WARN_OBJC_ROOT_CLASS = YES_ERROR;
				CLANG_WARN_RANGE_LOOP_ANALYSIS = YES;
				CLANG_WARN_STRICT_PROTOTYPES = YES;
				CLANG_WARN_SUSPICIOUS_MOVE = YES;
				CLANG_WARN_UNGUARDED_AVAILABILITY = YES_AGGRESSIVE;
				CLANG_WARN_UNREACHABLE_CODE = YES;
				CLANG_WARN__DUPLICATE_METHOD_MATCH = YES;
				CODE_SIGN_IDENTITY = "iPhone Developer";
				COPY_PHASE_STRIP = NO;
				DEBUG_INFORMATION_FORMAT = "dwarf-with-dsym";
				ENABLE_NS_ASSERTIONS = NO;
				ENABLE_STRICT_OBJC_MSGSEND = YES;
				GCC_C_LANGUAGE_STANDARD = gnu11;
				GCC_NO_COMMON_BLOCKS = YES;
				GCC_WARN_64_TO_32_BIT_CONVERSION = YES;
				GCC_WARN_ABOUT_RETURN_TYPE = YES_ERROR;
				GCC_WARN_UNDECLARED_SELECTOR = YES;
				GCC_WARN_UNINITIALIZED_AUTOS = YES_AGGRESSIVE;
				GCC_WARN_UNUSED_FUNCTION = YES;
				GCC_WARN_UNUSED_VARIABLE = YES;
				IPHONEOS_DEPLOYMENT_TARGET = 11.2;
				MTL_ENABLE_DEBUG_INFO = NO;
				SDKROOT = iphoneos;
				SWIFT_OPTIMIZATION_LEVEL = "-Owholemodule";
				VALIDATE_PRODUCT = YES;
			};
			name = Release;
		};
		DCF4BD1C22DAD4A6008D32DE /* Debug */ = {
			isa = XCBuildConfiguration;
			baseConfigurationReference = D01C90A366573CBBC9703028 /* Pods-chat.debug.xcconfig */;
			buildSettings = {
				ASSETCATALOG_COMPILER_APPICON_NAME = AppIcon;
				CODE_SIGN_STYLE = Automatic;
				INFOPLIST_FILE = chatt/Info.plist;
				IPHONEOS_DEPLOYMENT_TARGET = 11.2;
				LD_RUNPATH_SEARCH_PATHS = "$(inherited) @executable_path/Frameworks";
				PRODUCT_BUNDLE_IDENTIFIER = iti.chatt;
				PRODUCT_NAME = "$(TARGET_NAME)";
				SWIFT_VERSION = 4.0;
				TARGETED_DEVICE_FAMILY = "1,2";
			};
			name = Debug;
		};
		DCF4BD1D22DAD4A6008D32DE /* Release */ = {
			isa = XCBuildConfiguration;
			baseConfigurationReference = B3B6395F65C12369E0F519F3 /* Pods-chat.release.xcconfig */;
			buildSettings = {
				ASSETCATALOG_COMPILER_APPICON_NAME = AppIcon;
				CODE_SIGN_STYLE = Automatic;
				INFOPLIST_FILE = chatt/Info.plist;
				IPHONEOS_DEPLOYMENT_TARGET = 11.2;
				LD_RUNPATH_SEARCH_PATHS = "$(inherited) @executable_path/Frameworks";
				PRODUCT_BUNDLE_IDENTIFIER = iti.chatt;
				PRODUCT_NAME = "$(TARGET_NAME)";
				SWIFT_VERSION = 4.0;
				TARGETED_DEVICE_FAMILY = "1,2";
			};
			name = Release;
		};
		DCF4BD1F22DAD4A6008D32DE /* Debug */ = {
			isa = XCBuildConfiguration;
			baseConfigurationReference = 9C4FE03C346E409FD1554049 /* Pods-chatTests.debug.xcconfig */;
			buildSettings = {
				ALWAYS_EMBED_SWIFT_STANDARD_LIBRARIES = YES;
				BUNDLE_LOADER = "$(TEST_HOST)";
				CODE_SIGN_STYLE = Automatic;
				INFOPLIST_FILE = chattTests/Info.plist;
				LD_RUNPATH_SEARCH_PATHS = "$(inherited) @executable_path/Frameworks @loader_path/Frameworks";
				PRODUCT_BUNDLE_IDENTIFIER = iti.chattTests;
				PRODUCT_NAME = "$(TARGET_NAME)";
				SWIFT_VERSION = 4.0;
				TARGETED_DEVICE_FAMILY = "1,2";
				TEST_HOST = "$(BUILT_PRODUCTS_DIR)/chat.app/chat";
			};
			name = Debug;
		};
		DCF4BD2022DAD4A6008D32DE /* Release */ = {
			isa = XCBuildConfiguration;
			baseConfigurationReference = B7688891B1FFCF8AC77992E8 /* Pods-chatTests.release.xcconfig */;
			buildSettings = {
				ALWAYS_EMBED_SWIFT_STANDARD_LIBRARIES = YES;
				BUNDLE_LOADER = "$(TEST_HOST)";
				CODE_SIGN_STYLE = Automatic;
				INFOPLIST_FILE = chattTests/Info.plist;
				LD_RUNPATH_SEARCH_PATHS = "$(inherited) @executable_path/Frameworks @loader_path/Frameworks";
				PRODUCT_BUNDLE_IDENTIFIER = iti.chattTests;
				PRODUCT_NAME = "$(TARGET_NAME)";
				SWIFT_VERSION = 4.0;
				TARGETED_DEVICE_FAMILY = "1,2";
				TEST_HOST = "$(BUILT_PRODUCTS_DIR)/chat.app/chat";
			};
			name = Release;
		};
		DCF4BD2222DAD4A6008D32DE /* Debug */ = {
			isa = XCBuildConfiguration;
			baseConfigurationReference = 0DBB5A02816C8C9060494848 /* Pods-chatUITests.debug.xcconfig */;
			buildSettings = {
				ALWAYS_EMBED_SWIFT_STANDARD_LIBRARIES = YES;
				CODE_SIGN_STYLE = Automatic;
				INFOPLIST_FILE = chattUITests/Info.plist;
				LD_RUNPATH_SEARCH_PATHS = "$(inherited) @executable_path/Frameworks @loader_path/Frameworks";
				PRODUCT_BUNDLE_IDENTIFIER = iti.chattUITests;
				PRODUCT_NAME = "$(TARGET_NAME)";
				SWIFT_VERSION = 4.0;
				TARGETED_DEVICE_FAMILY = "1,2";
				TEST_TARGET_NAME = chatt;
			};
			name = Debug;
		};
		DCF4BD2322DAD4A6008D32DE /* Release */ = {
			isa = XCBuildConfiguration;
			baseConfigurationReference = 3FE3DD5F7FCF37187321F07D /* Pods-chatUITests.release.xcconfig */;
			buildSettings = {
				ALWAYS_EMBED_SWIFT_STANDARD_LIBRARIES = YES;
				CODE_SIGN_STYLE = Automatic;
				INFOPLIST_FILE = chattUITests/Info.plist;
				LD_RUNPATH_SEARCH_PATHS = "$(inherited) @executable_path/Frameworks @loader_path/Frameworks";
				PRODUCT_BUNDLE_IDENTIFIER = iti.chattUITests;
				PRODUCT_NAME = "$(TARGET_NAME)";
				SWIFT_VERSION = 4.0;
				TARGETED_DEVICE_FAMILY = "1,2";
				TEST_TARGET_NAME = chatt;
			};
			name = Release;
		};
/* End XCBuildConfiguration section */

/* Begin XCConfigurationList section */
		DCF4BCEE22DAD4A6008D32DE /* Build configuration list for PBXProject "chat" */ = {
			isa = XCConfigurationList;
			buildConfigurations = (
				DCF4BD1922DAD4A6008D32DE /* Debug */,
				DCF4BD1A22DAD4A6008D32DE /* Release */,
			);
			defaultConfigurationIsVisible = 0;
			defaultConfigurationName = Release;
		};
		DCF4BD1B22DAD4A6008D32DE /* Build configuration list for PBXNativeTarget "chat" */ = {
			isa = XCConfigurationList;
			buildConfigurations = (
				DCF4BD1C22DAD4A6008D32DE /* Debug */,
				DCF4BD1D22DAD4A6008D32DE /* Release */,
			);
			defaultConfigurationIsVisible = 0;
			defaultConfigurationName = Release;
		};
		DCF4BD1E22DAD4A6008D32DE /* Build configuration list for PBXNativeTarget "chatTests" */ = {
			isa = XCConfigurationList;
			buildConfigurations = (
				DCF4BD1F22DAD4A6008D32DE /* Debug */,
				DCF4BD2022DAD4A6008D32DE /* Release */,
			);
			defaultConfigurationIsVisible = 0;
			defaultConfigurationName = Release;
		};
		DCF4BD2122DAD4A6008D32DE /* Build configuration list for PBXNativeTarget "chatUITests" */ = {
			isa = XCConfigurationList;
			buildConfigurations = (
				DCF4BD2222DAD4A6008D32DE /* Debug */,
				DCF4BD2322DAD4A6008D32DE /* Release */,
			);
			defaultConfigurationIsVisible = 0;
			defaultConfigurationName = Release;
		};
/* End XCConfigurationList section */
	};
	rootObject = DCF4BCEB22DAD4A6008D32DE /* Project object */;
}
